
Microsoft Visual Studio Solution File, Format Version 12.00
# Visual Studio Version 17
VisualStudioVersion = 17.8.34511.84
MinimumVisualStudioVersion = 10.0.40219.1
Project("{FAE04EC0-301F-11D3-BF4B-00C04F79EFBC}") = "الجذر التربيعي", "الجذر التربيعي\الجذر التربيعي.csproj", "{F6270C5D-AD01-48D1-B124-62B3E95DDD85}"
EndProject
Global
	GlobalSection(SolutionConfigurationPlatforms) = preSolution
		Debug|Any CPU = Debug|Any CPU
		Release|Any CPU = Release|Any CPU
	EndGlobalSection
	GlobalSection(ProjectConfigurationPlatforms) = postSolution
		{F6270C5D-AD01-48D1-B124-62B3E95DDD85}.Debug|Any CPU.ActiveCfg = Debug|Any CPU
		{F6270C5D-AD01-48D1-B124-62B3E95DDD85}.Debug|Any CPU.Build.0 = Debug|Any CPU
		{F6270C5D-AD01-48D1-B124-62B3E95DDD85}.Release|Any CPU.ActiveCfg = Release|Any CPU
		{F6270C5D-AD01-48D1-B124-62B3E95DDD85}.Release|Any CPU.Build.0 = Release|Any CPU
	EndGlobalSection
	GlobalSection(SolutionProperties) = preSolution
		HideSolutionNode = FALSE
	EndGlobalSection
	GlobalSection(ExtensibilityGlobals) = postSolution
		SolutionGuid = {78606C6E-5280-48EE-A68B-D10004959324}
	EndGlobalSection
EndGlobal
